
Microsoft Visual Studio Solution File, Format Version 12.00
# Visual Studio Version 16
VisualStudioVersion = 16.0.30523.141
MinimumVisualStudioVersion = 10.0.40219.1
Project("{FAE04EC0-301F-11D3-BF4B-00C04F79EFBC}") = "WebApplication1", "WebApplication1\WebApplication1.csproj", "{1BCB4FE4-18EE-4D96-90D5-9582DA10F9E7}"
EndProject
Global
	GlobalSection(SolutionConfigurationPlatforms) = preSolution
		Debug|Any CPU = Debug|Any CPU
		Release|Any CPU = Release|Any CPU
	EndGlobalSection
	GlobalSection(ProjectConfigurationPlatforms) = postSolution
		{1BCB4FE4-18EE-4D96-90D5-9582DA10F9E7}.Debug|Any CPU.ActiveCfg = Debug|Any CPU
		{1BCB4FE4-18EE-4D96-90D5-9582DA10F9E7}.Debug|Any CPU.Build.0 = Debug|Any CPU
		{1BCB4FE4-18EE-4D96-90D5-9582DA10F9E7}.Release|Any CPU.ActiveCfg = Release|Any CPU
		{1BCB4FE4-18EE-4D96-90D5-9582DA10F9E7}.Release|Any CPU.Build.0 = Release|Any CPU
	EndGlobalSection
	GlobalSection(SolutionProperties) = preSolution
		HideSolutionNode = FALSE
	EndGlobalSection
	GlobalSection(ExtensibilityGlobals) = postSolution
		SolutionGuid = {205712B8-5883-4F31-A099-01BBAF004145}
	EndGlobalSection
EndGlobal
